// !$*UTF8*$!
{
	archiveVersion = 1;
	classes = {
	};
	objectVersion = 77;
	objects = {

/* Begin PBXBuildFile section */
		AD99E5BB3000049600BD7F9D /* AppDelegate.swift in Sources */ = {isa = PBXBuildFile; fileRef = AD99E5BA3000049600BD7F9D /* AppDelegate.swift */; };
		AD99E5BF3000049600BD7F9D /* Main.html in Resources */ = {isa = PBXBuildFile; fileRef = AD99E5BD3000049600BD7F9D /* Main.html */; };
		AD99E5C13000049600BD7F9D /* Icon.png in Resources */ = {isa = PBXBuildFile; fileRef = AD99E5C03000049600BD7F9D /* Icon.png */; };
		AD99E5C33000049600BD7F9D /* Style.css in Resources */ = {isa = PBXBuildFile; fileRef = AD99E5C23000049600BD7F9D /* Style.css */; };
		AD99E5C53000049600BD7F9D /* Script.js in Resources */ = {isa = PBXBuildFile; fileRef = AD99E5C43000049600BD7F9D /* Script.js */; };
		AD99E5C73000049600BD7F9D /* ViewController.swift in Sources */ = {isa = PBXBuildFile; fileRef = AD99E5C63000049600BD7F9D /* ViewController.swift */; };
		AD99E5CA3000049600BD7F9D /* Main.storyboard in Resources */ = {isa = PBXBuildFile; fileRef = AD99E5C83000049600BD7F9D /* Main.storyboard */; };
		AD99E5CC3000049700BD7F9D /* Assets.xcassets in Resources */ = {isa = PBXBuildFile; fileRef = AD99E5CB3000049700BD7F9D /* Assets.xcassets */; };
		AD99E5D33000049700BD7F9D /* reader Extension.appex in Embed Foundation Extensions */ = {isa = PBXBuildFile; fileRef = AD99E5D23000049700BD7F9D /* reader Extension.appex */; settings = {ATTRIBUTES = (RemoveHeadersOnCopy, ); }; };
		AD99E5D83000049700BD7F9D /* SafariWebExtensionHandler.swift in Sources */ = {isa = PBXBuildFile; fileRef = AD99E5D73000049700BD7F9D /* SafariWebExtensionHandler.swift */; };
		AD99E5EC3000049800BD7F9D /* background in Resources */ = {isa = PBXBuildFile; fileRef = AD99E5E43000049800BD7F9D /* background */; };
		AD99E5ED3000049800BD7F9D /* popup in Resources */ = {isa = PBXBuildFile; fileRef = AD99E5E53000049800BD7F9D /* popup */; };
		AD99E5EE3000049800BD7F9D /* pdf in Resources */ = {isa = PBXBuildFile; fileRef = AD99E5E63000049800BD7F9D /* pdf */; };
		AD99E5EF3000049800BD7F9D /* content in Resources */ = {isa = PBXBuildFile; fileRef = AD99E5E73000049800BD7F9D /* content */; };
		AD99E5F03000049800BD7F9D /* shared in Resources */ = {isa = PBXBuildFile; fileRef = AD99E5E83000049800BD7F9D /* shared */; };
		AD99E5F13000049800BD7F9D /* icons in Resources */ = {isa = PBXBuildFile; fileRef = AD99E5E93000049800BD7F9D /* icons */; };
		AD99E5F23000049800BD7F9D /* manifest.json in Resources */ = {isa = PBXBuildFile; fileRef = AD99E5EA3000049800BD7F9D /* manifest.json */; };
		AD99E5F33000049800BD7F9D /* vendor in Resources */ = {isa = PBXBuildFile; fileRef = AD99E5EB3000049800BD7F9D /* vendor */; };
/* End PBXBuildFile section */

/* Begin PBXContainerItemProxy section */
		AD99E5D43000049700BD7F9D /* PBXContainerItemProxy */ = {
			isa = PBXContainerItemProxy;
			containerPortal = AD99E5AF3000049600BD7F9D /* Project object */;
			proxyType = 1;
			remoteGlobalIDString = AD99E5D13000049700BD7F9D;
			remoteInfo = "reader Extension";
		};
/* End PBXContainerItemProxy section */

/* Begin PBXCopyFilesBuildPhase section */
		AD99E5DF3000049700BD7F9D /* Embed Foundation Extensions */ = {
			isa = PBXCopyFilesBuildPhase;
			buildActionMask = 2147483647;
			dstPath = "";
			dstSubfolderSpec = 13;
			files = (
				AD99E5D33000049700BD7F9D /* reader Extension.appex in Embed Foundation Extensions */,
			);
			name = "Embed Foundation Extensions";
			runOnlyForDeploymentPostprocessing = 0;
		};
/* End PBXCopyFilesBuildPhase section */

/* Begin PBXFileReference section */
		AD99E5B73000049600BD7F9D /* reader.app */ = {isa = PBXFileReference; explicitFileType = wrapper.application; includeInIndex = 0; path = reader.app; sourceTree = BUILT_PRODUCTS_DIR; };
		AD99E5BA3000049600BD7F9D /* AppDelegate.swift */ = {isa = PBXFileReference; lastKnownFileType = sourcecode.swift; path = AppDelegate.swift; sourceTree = "<group>"; };
		AD99E5BE3000049600BD7F9D /* Base */ = {isa = PBXFileReference; lastKnownFileType = text.html; name = Base; path = Base.lproj/Main.html; sourceTree = "<group>"; };
		AD99E5C03000049600BD7F9D /* Icon.png */ = {isa = PBXFileReference; lastKnownFileType = image.png; path = Icon.png; sourceTree = "<group>"; };
		AD99E5C23000049600BD7F9D /* Style.css */ = {isa = PBXFileReference; lastKnownFileType = text.css; path = Style.css; sourceTree = "<group>"; };
		AD99E5C43000049600BD7F9D /* Script.js */ = {isa = PBXFileReference; lastKnownFileType = sourcecode.javascript; path = Script.js; sourceTree = "<group>"; };
		AD99E5C63000049600BD7F9D /* ViewController.swift */ = {isa = PBXFileReference; lastKnownFileType = sourcecode.swift; path = ViewController.swift; sourceTree = "<group>"; };
		AD99E5C93000049600BD7F9D /* Base */ = {isa = PBXFileReference; lastKnownFileType = file.storyboard; name = Base; path = Base.lproj/Main.storyboard; sourceTree = "<group>"; };
		AD99E5CB3000049700BD7F9D /* Assets.xcassets */ = {isa = PBXFileReference; lastKnownFileType = folder.assetcatalog; path = Assets.xcassets; sourceTree = "<group>"; };
		AD99E5CD3000049700BD7F9D /* Info.plist */ = {isa = PBXFileReference; lastKnownFileType = text.plist.xml; path = Info.plist; sourceTree = "<group>"; };
		AD99E5D23000049700BD7F9D /* reader Extension.appex */ = {isa = PBXFileReference; explicitFileType = "wrapper.app-extension"; includeInIndex = 0; path = "reader Extension.appex"; sourceTree = BUILT_PRODUCTS_DIR; };
		AD99E5D73000049700BD7F9D /* SafariWebExtensionHandler.swift */ = {isa = PBXFileReference; lastKnownFileType = sourcecode.swift; path = SafariWebExtensionHandler.swift; sourceTree = "<group>"; };
		AD99E5D93000049700BD7F9D /* Info.plist */ = {isa = PBXFileReference; lastKnownFileType = text.plist.xml; path = Info.plist; sourceTree = "<group>"; };
		AD99E5E43000049800BD7F9D /* background */ = {isa = PBXFileReference; lastKnownFileType = folder; name = background; path = Resources/background; sourceTree = "<group>"; };
		AD99E5E53000049800BD7F9D /* popup */ = {isa = PBXFileReference; lastKnownFileType = folder; name = popup; path = Resources/popup; sourceTree = "<group>"; };
		AD99E5E63000049800BD7F9D /* pdf */ = {isa = PBXFileReference; lastKnownFileType = folder; name = pdf; path = Resources/pdf; sourceTree = "<group>"; };
		AD99E5E73000049800BD7F9D /* content */ = {isa = PBXFileReference; lastKnownFileType = folder; name = content; path = Resources/content; sourceTree = "<group>"; };
		AD99E5E83000049800BD7F9D /* shared */ = {isa = PBXFileReference; lastKnownFileType = folder; name = shared; path = Resources/shared; sourceTree = "<group>"; };
		AD99E5E93000049800BD7F9D /* icons */ = {isa = PBXFileReference; lastKnownFileType = folder; name = icons; path = Resources/icons; sourceTree = "<group>"; };
		AD99E5EA3000049800BD7F9D /* manifest.json */ = {isa = PBXFileReference; lastKnownFileType = text.json; name = manifest.json; path = Resources/manifest.json; sourceTree = "<group>"; };
		AD99E5EB3000049800BD7F9D /* vendor */ = {isa = PBXFileReference; lastKnownFileType = folder; name = vendor; path = Resources/vendor; sourceTree = "<group>"; };
/* End PBXFileReference section */

/* Begin PBXFrameworksBuildPhase section */
		AD99E5B43000049600BD7F9D /* Frameworks */ = {
			isa = PBXFrameworksBuildPhase;
			buildActionMask = 2147483647;
			files = (
			);
			runOnlyForDeploymentPostprocessing = 0;
		};
		AD99E5CF3000049700BD7F9D /* Frameworks */ = {
			isa = PBXFrameworksBuildPhase;
			buildActionMask = 2147483647;
			files = (
			);
			runOnlyForDeploymentPostprocessing = 0;
		};
/* End PBXFrameworksBuildPhase section */

/* Begin PBXGroup section */
		AD99E5AE3000049600BD7F9D = {
			isa = PBXGroup;
			children = (
				AD99E5B93000049600BD7F9D /* reader */,
				AD99E5D63000049700BD7F9D /* reader Extension */,
				AD99E5B83000049600BD7F9D /* Products */,
			);
			sourceTree = "<group>";
		};
		AD99E5B83000049600BD7F9D /* Products */ = {
			isa = PBXGroup;
			children = (
				AD99E5B73000049600BD7F9D /* reader.app */,
				AD99E5D23000049700BD7F9D /* reader Extension.appex */,
			);
			name = Products;
			sourceTree = "<group>";
		};
		AD99E5B93000049600BD7F9D /* reader */ = {
			isa = PBXGroup;
			children = (
				AD99E5BA3000049600BD7F9D /* AppDelegate.swift */,
				AD99E5C63000049600BD7F9D /* ViewController.swift */,
				AD99E5C83000049600BD7F9D /* Main.storyboard */,
				AD99E5CB3000049700BD7F9D /* Assets.xcassets */,
				AD99E5CD3000049700BD7F9D /* Info.plist */,
				AD99E5BC3000049600BD7F9D /* Resources */,
			);
			path = reader;
			sourceTree = "<group>";
		};
		AD99E5BC3000049600BD7F9D /* Resources */ = {
			isa = PBXGroup;
			children = (
				AD99E5BD3000049600BD7F9D /* Main.html */,
				AD99E5C03000049600BD7F9D /* Icon.png */,
				AD99E5C23000049600BD7F9D /* Style.css */,
				AD99E5C43000049600BD7F9D /* Script.js */,
			);
			path = Resources;
			sourceTree = "<group>";
		};
		AD99E5D63000049700BD7F9D /* reader Extension */ = {
			isa = PBXGroup;
			children = (
				AD99E5E33000049800BD7F9D /* Resources */,
				AD99E5D73000049700BD7F9D /* SafariWebExtensionHandler.swift */,
				AD99E5D93000049700BD7F9D /* Info.plist */,
			);
			path = "reader Extension";
			sourceTree = "<group>";
		};
		AD99E5E33000049800BD7F9D /* Resources */ = {
			isa = PBXGroup;
			children = (
				AD99E5E43000049800BD7F9D /* background */,
				AD99E5E53000049800BD7F9D /* popup */,
				AD99E5E63000049800BD7F9D /* pdf */,
				AD99E5E73000049800BD7F9D /* content */,
				AD99E5E83000049800BD7F9D /* shared */,
				AD99E5E93000049800BD7F9D /* icons */,
				AD99E5EA3000049800BD7F9D /* manifest.json */,
				AD99E5EB3000049800BD7F9D /* vendor */,
			);
			name = Resources;
			path = "reader Extension";
			sourceTree = SOURCE_ROOT;
		};
/* End PBXGroup section */

/* Begin PBXNativeTarget section */
		AD99E5B63000049600BD7F9D /* reader */ = {
			isa = PBXNativeTarget;
			buildConfigurationList = AD99E5E03000049700BD7F9D /* Build configuration list for PBXNativeTarget "reader" */;
			buildPhases = (
				AD99E5B33000049600BD7F9D /* Sources */,
				AD99E5B43000049600BD7F9D /* Frameworks */,
				AD99E5B53000049600BD7F9D /* Resources */,
				AD99E5DF3000049700BD7F9D /* Embed Foundation Extensions */,
			);
			buildRules = (
			);
			dependencies = (
				AD99E5D53000049700BD7F9D /* PBXTargetDependency */,
			);
			name = reader;
			packageProductDependencies = (
			);
			productName = reader;
			productReference = AD99E5B73000049600BD7F9D /* reader.app */;
			productType = "com.apple.product-type.application";
		};
		AD99E5D13000049700BD7F9D /* reader Extension */ = {
			isa = PBXNativeTarget;
			buildConfigurationList = AD99E5DC3000049700BD7F9D /* Build configuration list for PBXNativeTarget "reader Extension" */;
			buildPhases = (
				AD99E5CE3000049700BD7F9D /* Sources */,
				AD99E5CF3000049700BD7F9D /* Frameworks */,
				AD99E5D03000049700BD7F9D /* Resources */,
			);
			buildRules = (
			);
			dependencies = (
			);
			name = "reader Extension";
			packageProductDependencies = (
			);
			productName = "reader Extension";
			productReference = AD99E5D23000049700BD7F9D /* reader Extension.appex */;
			productType = "com.apple.product-type.app-extension";
		};
/* End PBXNativeTarget section */

/* Begin PBXProject section */
		AD99E5AF3000049600BD7F9D /* Project object */ = {
			isa = PBXProject;
			attributes = {
				BuildIndependentTargetsInParallel = 1;
				LastSwiftUpdateCheck = 2660;
				LastUpgradeCheck = 2660;
				TargetAttributes = {
					AD99E5B63000049600BD7F9D = {
						CreatedOnToolsVersion = 26.6;
					};
					AD99E5D13000049700BD7F9D = {
						CreatedOnToolsVersion = 26.6;
					};
				};
			};
			buildConfigurationList = AD99E5B23000049600BD7F9D /* Build configuration list for PBXProject "reader" */;
			developmentRegion = en;
			hasScannedForEncodings = 0;
			knownRegions = (
				en,
				Base,
			);
			mainGroup = AD99E5AE3000049600BD7F9D;
			minimizedProjectReferenceProxies = 1;
			preferredProjectObjectVersion = 77;
			productRefGroup = AD99E5B83000049600BD7F9D /* Products */;
			projectDirPath = "";
			projectRoot = "";
			targets = (
				AD99E5B63000049600BD7F9D /* reader */,
				AD99E5D13000049700BD7F9D /* reader Extension */,
			);
		};
/* End PBXProject section */

/* Begin PBXResourcesBuildPhase section */
		AD99E5B53000049600BD7F9D /* Resources */ = {
			isa = PBXResourcesBuildPhase;
			buildActionMask = 2147483647;
			files = (
				AD99E5C13000049600BD7F9D /* Icon.png in Resources */,
				AD99E5CA3000049600BD7F9D /* Main.storyboard in Resources */,
				AD99E5C53000049600BD7F9D /* Script.js in Resources */,
				AD99E5BF3000049600BD7F9D /* Main.html in Resources */,
				AD99E5CC3000049700BD7F9D /* Assets.xcassets in Resources */,
				AD99E5C33000049600BD7F9D /* Style.css in Resources */,
			);
			runOnlyForDeploymentPostprocessing = 0;
		};
		AD99E5D03000049700BD7F9D /* Resources */ = {
			isa = PBXResourcesBuildPhase;
			buildActionMask = 2147483647;
			files = (
				AD99E5F03000049800BD7F9D /* shared in Resources */,
				AD99E5F23000049800BD7F9D /* manifest.json in Resources */,
				AD99E5EE3000049800BD7F9D /* pdf in Resources */,
				AD99E5EC3000049800BD7F9D /* background in Resources */,
				AD99E5F33000049800BD7F9D /* vendor in Resources */,
				AD99E5F13000049800BD7F9D /* icons in Resources */,
				AD99E5EF3000049800BD7F9D /* content in Resources */,
				AD99E5ED3000049800BD7F9D /* popup in Resources */,
			);
			runOnlyForDeploymentPostprocessing = 0;
		};
/* End PBXResourcesBuildPhase section */

/* Begin PBXSourcesBuildPhase section */
		AD99E5B33000049600BD7F9D /* Sources */ = {
			isa = PBXSourcesBuildPhase;
			buildActionMask = 2147483647;
			files = (
				AD99E5C73000049600BD7F9D /* ViewController.swift in Sources */,
				AD99E5BB3000049600BD7F9D /* AppDelegate.swift in Sources */,
			);
			runOnlyForDeploymentPostprocessing = 0;
		};
		AD99E5CE3000049700BD7F9D /* Sources */ = {
			isa = PBXSourcesBuildPhase;
			buildActionMask = 2147483647;
			files = (
				AD99E5D83000049700BD7F9D /* SafariWebExtensionHandler.swift in Sources */,
			);
			runOnlyForDeploymentPostprocessing = 0;
		};
/* End PBXSourcesBuildPhase section */

/* Begin PBXTargetDependency section */
		AD99E5D53000049700BD7F9D /* PBXTargetDependency */ = {
			isa = PBXTargetDependency;
			target = AD99E5D13000049700BD7F9D /* reader Extension */;
			targetProxy = AD99E5D43000049700BD7F9D /* PBXContainerItemProxy */;
		};
/* End PBXTargetDependency section */

/* Begin PBXVariantGroup section */
		AD99E5BD3000049600BD7F9D /* Main.html */ = {
			isa = PBXVariantGroup;
			children = (
				AD99E5BE3000049600BD7F9D /* Base */,
			);
			name = Main.html;
			sourceTree = "<group>";
		};
		AD99E5C83000049600BD7F9D /* Main.storyboard */ = {
			isa = PBXVariantGroup;
			children = (
				AD99E5C93000049600BD7F9D /* Base */,
			);
			name = Main.storyboard;
			sourceTree = "<group>";
		};
/* End PBXVariantGroup section */

/* Begin XCBuildConfiguration section */
		AD99E5DA3000049700BD7F9D /* Debug */ = {
			isa = XCBuildConfiguration;
			buildSettings = {
				ALWAYS_SEARCH_USER_PATHS = NO;
				ASSETCATALOG_COMPILER_GENERATE_SWIFT_ASSET_SYMBOL_EXTENSIONS = YES;
				CLANG_ANALYZER_NONNULL = YES;
				CLANG_ANALYZER_NUMBER_OBJECT_CONVERSION = YES_AGGRESSIVE;
				CLANG_CXX_LANGUAGE_STANDARD = "gnu++20";
				CLANG_ENABLE_MODULES = YES;
				CLANG_ENABLE_OBJC_ARC = YES;
				CLANG_ENABLE_OBJC_WEAK = YES;
				CLANG_WARN_BLOCK_CAPTURE_AUTORELEASING = YES;
				CLANG_WARN_BOOL_CONVERSION = YES;
				CLANG_WARN_COMMA = YES;
				CLANG_WARN_CONSTANT_CONVERSION = YES;
				CLANG_WARN_DEPRECATED_OBJC_IMPLEMENTATIONS = YES;
				CLANG_WARN_DIRECT_OBJC_ISA_USAGE = YES_ERROR;
				CLANG_WARN_DOCUMENTATION_COMMENTS = YES;
				CLANG_WARN_EMPTY_BODY = YES;
				CLANG_WARN_ENUM_CONVERSION = YES;
				CLANG_WARN_INFINITE_RECURSION = YES;
				CLANG_WARN_INT_CONVERSION = YES;
				CLANG_WARN_NON_LITERAL_NULL_CONVERSION = YES;
				CLANG_WARN_OBJC_IMPLICIT_RETAIN_SELF = YES;
				CLANG_WARN_OBJC_LITERAL_CONVERSION = YES;
				CLANG_WARN_OBJC_ROOT_CLASS = YES_ERROR;
				CLANG_WARN_QUOTED_INCLUDE_IN_FRAMEWORK_HEADER = YES;
				CLANG_WARN_RANGE_LOOP_ANALYSIS = YES;
				CLANG_WARN_STRICT_PROTOTYPES = YES;
				CLANG_WARN_SUSPICIOUS_MOVE = YES;
				CLANG_WARN_UNGUARDED_AVAILABILITY = YES_AGGRESSIVE;
				CLANG_WARN_UNREACHABLE_CODE = YES;
				CLANG_WARN__DUPLICATE_METHOD_MATCH = YES;
				COPY_PHASE_STRIP = NO;
				DEBUG_INFORMATION_FORMAT = dwarf;
				ENABLE_STRICT_OBJC_MSGSEND = YES;
				ENABLE_TESTABILITY = YES;
				ENABLE_USER_SCRIPT_SANDBOXING = YES;
				GCC_C_LANGUAGE_STANDARD = gnu17;
				GCC_DYNAMIC_NO_PIC = NO;
				GCC_NO_COMMON_BLOCKS = YES;
				GCC_OPTIMIZATION_LEVEL = 0;
				GCC_PREPROCESSOR_DEFINITIONS = (
					"DEBUG=1",
					"$(inherited)",
				);
				GCC_WARN_64_TO_32_BIT_CONVERSION = YES;
				GCC_WARN_ABOUT_RETURN_TYPE = YES_ERROR;
				GCC_WARN_UNDECLARED_SELECTOR = YES;
				GCC_WARN_UNINITIALIZED_AUTOS = YES_AGGRESSIVE;
				GCC_WARN_UNUSED_FUNCTION = YES;
				GCC_WARN_UNUSED_VARIABLE = YES;
				LOCALIZATION_PREFERS_STRING_CATALOGS = YES;
				MACOSX_DEPLOYMENT_TARGET = 26.5;
				MTL_ENABLE_DEBUG_INFO = INCLUDE_SOURCE;
				MTL_FAST_MATH = YES;
				ONLY_ACTIVE_ARCH = YES;
				SDKROOT = macosx;
				SWIFT_ACTIVE_COMPILATION_CONDITIONS = "DEBUG $(inherited)";
				SWIFT_OPTIMIZATION_LEVEL = "-Onone";
			};
			name = Debug;
		};
		AD99E5DB3000049700BD7F9D /* Release */ = {
			isa = XCBuildConfiguration;
			buildSettings = {
				ALWAYS_SEARCH_USER_PATHS = NO;
				ASSETCATALOG_COMPILER_GENERATE_SWIFT_ASSET_SYMBOL_EXTENSIONS = YES;
				CLANG_ANALYZER_NONNULL = YES;
				CLANG_ANALYZER_NUMBER_OBJECT_CONVERSION = YES_AGGRESSIVE;
				CLANG_CXX_LANGUAGE_STANDARD = "gnu++20";
				CLANG_ENABLE_MODULES = YES;
				CLANG_ENABLE_OBJC_ARC = YES;
				CLANG_ENABLE_OBJC_WEAK = YES;
				CLANG_WARN_BLOCK_CAPTURE_AUTORELEASING = YES;
				CLANG_WARN_BOOL_CONVERSION = YES;
				CLANG_WARN_COMMA = YES;
				CLANG_WARN_CONSTANT_CONVERSION = YES;
				CLANG_WARN_DEPRECATED_OBJC_IMPLEMENTATIONS = YES;
				CLANG_WARN_DIRECT_OBJC_ISA_USAGE = YES_ERROR;
				CLANG_WARN_DOCUMENTATION_COMMENTS = YES;
				CLANG_WARN_EMPTY_BODY = YES;
				CLANG_WARN_ENUM_CONVERSION = YES;
				CLANG_WARN_INFINITE_RECURSION = YES;
				CLANG_WARN_INT_CONVERSION = YES;
				CLANG_WARN_NON_LITERAL_NULL_CONVERSION = YES;
				CLANG_WARN_OBJC_IMPLICIT_RETAIN_SELF = YES;
				CLANG_WARN_OBJC_LITERAL_CONVERSION = YES;
				CLANG_WARN_OBJC_ROOT_CLASS = YES_ERROR;
				CLANG_WARN_QUOTED_INCLUDE_IN_FRAMEWORK_HEADER = YES;
				CLANG_WARN_RANGE_LOOP_ANALYSIS = YES;
				CLANG_WARN_STRICT_PROTOTYPES = YES;
				CLANG_WARN_SUSPICIOUS_MOVE = YES;
				CLANG_WARN_UNGUARDED_AVAILABILITY = YES_AGGRESSIVE;
				CLANG_WARN_UNREACHABLE_CODE = YES;
				CLANG_WARN__DUPLICATE_METHOD_MATCH = YES;
				COPY_PHASE_STRIP = NO;
				DEBUG_INFORMATION_FORMAT = "dwarf-with-dsym";
				ENABLE_NS_ASSERTIONS = NO;
				ENABLE_STRICT_OBJC_MSGSEND = YES;
				ENABLE_USER_SCRIPT_SANDBOXING = YES;
				GCC_C_LANGUAGE_STANDARD = gnu17;
				GCC_NO_COMMON_BLOCKS = YES;
				GCC_WARN_64_TO_32_BIT_CONVERSION = YES;
				GCC_WARN_ABOUT_RETURN_TYPE = YES_ERROR;
				GCC_WARN_UNDECLARED_SELECTOR = YES;
				GCC_WARN_UNINITIALIZED_AUTOS = YES_AGGRESSIVE;
				GCC_WARN_UNUSED_FUNCTION = YES;
				GCC_WARN_UNUSED_VARIABLE = YES;
				LOCALIZATION_PREFERS_STRING_CATALOGS = YES;
				MACOSX_DEPLOYMENT_TARGET = 26.5;
				MTL_ENABLE_DEBUG_INFO = NO;
				MTL_FAST_MATH = YES;
				SDKROOT = macosx;
				SWIFT_COMPILATION_MODE = wholemodule;
			};
			name = Release;
		};
		AD99E5DD3000049700BD7F9D /* Debug */ = {
			isa = XCBuildConfiguration;
			buildSettings = {
				CODE_SIGN_STYLE = Automatic;
				CURRENT_PROJECT_VERSION = 1;
				ENABLE_APP_SANDBOX = YES;
				ENABLE_HARDENED_RUNTIME = YES;
				ENABLE_USER_SELECTED_FILES = readonly;
				GENERATE_INFOPLIST_FILE = YES;
				INFOPLIST_FILE = "reader Extension/Info.plist";
				INFOPLIST_KEY_CFBundleDisplayName = "reader Extension";
				INFOPLIST_KEY_NSHumanReadableCopyright = "";
				LD_RUNPATH_SEARCH_PATHS = (
					"$(inherited)",
					"@executable_path/../Frameworks",
					"@executable_path/../../../../Frameworks",
				);
				MACOSX_DEPLOYMENT_TARGET = 10.14;
				MARKETING_VERSION = 1.0;
				OTHER_LDFLAGS = (
					"-framework",
					SafariServices,
				);
				PRODUCT_BUNDLE_IDENTIFIER = dev.emiliocramer.reader.Extension;
				PRODUCT_NAME = "$(TARGET_NAME)";
				SKIP_INSTALL = YES;
				STRING_CATALOG_GENERATE_SYMBOLS = YES;
				SWIFT_APPROACHABLE_CONCURRENCY = YES;
				SWIFT_EMIT_LOC_STRINGS = YES;
				SWIFT_UPCOMING_FEATURE_MEMBER_IMPORT_VISIBILITY = YES;
				SWIFT_VERSION = 5.0;
			};
			name = Debug;
		};
		AD99E5DE3000049700BD7F9D /* Release */ = {
			isa = XCBuildConfiguration;
			buildSettings = {
				CODE_SIGN_STYLE = Automatic;
				CURRENT_PROJECT_VERSION = 1;
				ENABLE_APP_SANDBOX = YES;
				ENABLE_HARDENED_RUNTIME = YES;
				ENABLE_USER_SELECTED_FILES = readonly;
				GENERATE_INFOPLIST_FILE = YES;
				INFOPLIST_FILE = "reader Extension/Info.plist";
				INFOPLIST_KEY_CFBundleDisplayName = "reader Extension";
				INFOPLIST_KEY_NSHumanReadableCopyright = "";
				LD_RUNPATH_SEARCH_PATHS = (
					"$(inherited)",
					"@executable_path/../Frameworks",
					"@executable_path/../../../../Frameworks",
				);
				MACOSX_DEPLOYMENT_TARGET = 10.14;
				MARKETING_VERSION = 1.0;
				OTHER_LDFLAGS = (
					"-framework",
					SafariServices,
				);
				PRODUCT_BUNDLE_IDENTIFIER = dev.emiliocramer.reader.Extension;
				PRODUCT_NAME = "$(TARGET_NAME)";
				SKIP_INSTALL = YES;
				STRING_CATALOG_GENERATE_SYMBOLS = YES;
				SWIFT_APPROACHABLE_CONCURRENCY = YES;
				SWIFT_EMIT_LOC_STRINGS = YES;
				SWIFT_UPCOMING_FEATURE_MEMBER_IMPORT_VISIBILITY = YES;
				SWIFT_VERSION = 5.0;
			};
			name = Release;
		};
		AD99E5E13000049700BD7F9D /* Debug */ = {
			isa = XCBuildConfiguration;
			buildSettings = {
				ASSETCATALOG_COMPILER_APPICON_NAME = AppIcon;
				ASSETCATALOG_COMPILER_GLOBAL_ACCENT_COLOR_NAME = AccentColor;
				CODE_SIGN_STYLE = Automatic;
				COMBINE_HIDPI_IMAGES = YES;
				CURRENT_PROJECT_VERSION = 1;
				ENABLE_APP_SANDBOX = YES;
				ENABLE_HARDENED_RUNTIME = YES;
				ENABLE_OUTGOING_NETWORK_CONNECTIONS = YES;
				ENABLE_USER_SELECTED_FILES = readonly;
				GENERATE_INFOPLIST_FILE = YES;
				INFOPLIST_FILE = reader/Info.plist;
				INFOPLIST_KEY_CFBundleDisplayName = reader;
				INFOPLIST_KEY_NSHumanReadableCopyright = "";
				INFOPLIST_KEY_NSMainStoryboardFile = Main;
				INFOPLIST_KEY_NSPrincipalClass = NSApplication;
				LD_RUNPATH_SEARCH_PATHS = (
					"$(inherited)",
					"@executable_path/../Frameworks",
				);
				MARKETING_VERSION = 1.0;
				OTHER_LDFLAGS = (
					"-framework",
					SafariServices,
					"-framework",
					WebKit,
				);
				PRODUCT_BUNDLE_IDENTIFIER = dev.emiliocramer.reader;
				PRODUCT_NAME = "$(TARGET_NAME)";
				REGISTER_APP_GROUPS = YES;
				STRING_CATALOG_GENERATE_SYMBOLS = YES;
				SWIFT_APPROACHABLE_CONCURRENCY = YES;
				SWIFT_DEFAULT_ACTOR_ISOLATION = MainActor;
				SWIFT_EMIT_LOC_STRINGS = YES;
				SWIFT_UPCOMING_FEATURE_MEMBER_IMPORT_VISIBILITY = YES;
				SWIFT_VERSION = 5.0;
			};
			name = Debug;
		};
		AD99E5E23000049700BD7F9D /* Release */ = {
			isa = XCBuildConfiguration;
			buildSettings = {
				ASSETCATALOG_COMPILER_APPICON_NAME = AppIcon;
				ASSETCATALOG_COMPILER_GLOBAL_ACCENT_COLOR_NAME = AccentColor;
				CODE_SIGN_STYLE = Automatic;
				COMBINE_HIDPI_IMAGES = YES;
				CURRENT_PROJECT_VERSION = 1;
				ENABLE_APP_SANDBOX = YES;
				ENABLE_HARDENED_RUNTIME = YES;
				ENABLE_OUTGOING_NETWORK_CONNECTIONS = YES;
				ENABLE_USER_SELECTED_FILES = readonly;
				GENERATE_INFOPLIST_FILE = YES;
				INFOPLIST_FILE = reader/Info.plist;
				INFOPLIST_KEY_CFBundleDisplayName = reader;
				INFOPLIST_KEY_NSHumanReadableCopyright = "";
				INFOPLIST_KEY_NSMainStoryboardFile = Main;
				INFOPLIST_KEY_NSPrincipalClass = NSApplication;
				LD_RUNPATH_SEARCH_PATHS = (
					"$(inherited)",
					"@executable_path/../Frameworks",
				);
				MARKETING_VERSION = 1.0;
				OTHER_LDFLAGS = (
					"-framework",
					SafariServices,
					"-framework",
					WebKit,
				);
				PRODUCT_BUNDLE_IDENTIFIER = dev.emiliocramer.reader;
				PRODUCT_NAME = "$(TARGET_NAME)";
				REGISTER_APP_GROUPS = YES;
				STRING_CATALOG_GENERATE_SYMBOLS = YES;
				SWIFT_APPROACHABLE_CONCURRENCY = YES;
				SWIFT_DEFAULT_ACTOR_ISOLATION = MainActor;
				SWIFT_EMIT_LOC_STRINGS = YES;
				SWIFT_UPCOMING_FEATURE_MEMBER_IMPORT_VISIBILITY = YES;
				SWIFT_VERSION = 5.0;
			};
			name = Release;
		};
/* End XCBuildConfiguration section */

/* Begin XCConfigurationList section */
		AD99E5B23000049600BD7F9D /* Build configuration list for PBXProject "reader" */ = {
			isa = XCConfigurationList;
			buildConfigurations = (
				AD99E5DA3000049700BD7F9D /* Debug */,
				AD99E5DB3000049700BD7F9D /* Release */,
			);
			defaultConfigurationIsVisible = 0;
			defaultConfigurationName = Release;
		};
		AD99E5DC3000049700BD7F9D /* Build configuration list for PBXNativeTarget "reader Extension" */ = {
			isa = XCConfigurationList;
			buildConfigurations = (
				AD99E5DD3000049700BD7F9D /* Debug */,
				AD99E5DE3000049700BD7F9D /* Release */,
			);
			defaultConfigurationIsVisible = 0;
			defaultConfigurationName = Release;
		};
		AD99E5E03000049700BD7F9D /* Build configuration list for PBXNativeTarget "reader" */ = {
			isa = XCConfigurationList;
			buildConfigurations = (
				AD99E5E13000049700BD7F9D /* Debug */,
				AD99E5E23000049700BD7F9D /* Release */,
			);
			defaultConfigurationIsVisible = 0;
			defaultConfigurationName = Release;
		};
/* End XCConfigurationList section */
	};
	rootObject = AD99E5AF3000049600BD7F9D /* Project object */;
}
